
Microsoft Visual Studio Solution File, Format Version 12.00
# Visual Studio Version 17
VisualStudioVersion = 17.0.32112.339
MinimumVisualStudioVersion = 10.0.40219.1
Project("{2150E333-8FDC-42A3-9474-1A3956D46DE8}") = "CoursTech.Application", "CoursTech.Application", "{BD6DB151-B77C-49E1-BC1E-3797CB591E56}"
EndProject
Project("{2150E333-8FDC-42A3-9474-1A3956D46DE8}") = "CoursTech.Domain", "CoursTech.Domain", "{B62AD9D5-419D-4F26-844D-C26221C3B2D6}"
EndProject
Project("{2150E333-8FDC-42A3-9474-1A3956D46DE8}") = "CoursTech.Infrastructure", "CoursTech.Infrastructure", "{75A95661-B56E-4060-BC2B-11F5AE2589C8}"
EndProject
Project("{2150E333-8FDC-42A3-9474-1A3956D46DE8}") = "CoursTech.Presentation", "CoursTech.Presentation", "{6A2ECE62-9E4B-4DB4-AC91-7E5B66E4480F}"
EndProject
Project("{FAE04EC0-301F-11D3-BF4B-00C04F79EFBC}") = "API", "CoursTech.Presentation\API\API.csproj", "{5F86BB29-2D9E-41B5-A9D6-113E1FF13FC3}"
EndProject
Project("{FAE04EC0-301F-11D3-BF4B-00C04F79EFBC}") = "Domain", "CoursTech.Domain\Domain\Domain.csproj", "{84AA10DA-9A32-47D3-9C47-33C8F6E2A9D5}"
EndProject
Project("{FAE04EC0-301F-11D3-BF4B-00C04F79EFBC}") = "Infrastructure", "CoursTech.Infrastructure\Infrastructure\Infrastructure.csproj", "{A48EAFB3-878A-4DC4-BEAC-BE156B68DF19}"
EndProject
Project("{FAE04EC0-301F-11D3-BF4B-00C04F79EFBC}") = "Application", "CoursTech.Application\Application\Application.csproj", "{0361A194-F683-4D62-BD90-5F3C66753EC1}"
EndProject
Global
	GlobalSection(SolutionConfigurationPlatforms) = preSolution
		Debug|Any CPU = Debug|Any CPU
		Release|Any CPU = Release|Any CPU
	EndGlobalSection
	GlobalSection(ProjectConfigurationPlatforms) = postSolution
		{5F86BB29-2D9E-41B5-A9D6-113E1FF13FC3}.Debug|Any CPU.ActiveCfg = Debug|Any CPU
		{5F86BB29-2D9E-41B5-A9D6-113E1FF13FC3}.Debug|Any CPU.Build.0 = Debug|Any CPU
		{5F86BB29-2D9E-41B5-A9D6-113E1FF13FC3}.Release|Any CPU.ActiveCfg = Release|Any CPU
		{5F86BB29-2D9E-41B5-A9D6-113E1FF13FC3}.Release|Any CPU.Build.0 = Release|Any CPU
		{84AA10DA-9A32-47D3-9C47-33C8F6E2A9D5}.Debug|Any CPU.ActiveCfg = Debug|Any CPU
		{84AA10DA-9A32-47D3-9C47-33C8F6E2A9D5}.Debug|Any CPU.Build.0 = Debug|Any CPU
		{84AA10DA-9A32-47D3-9C47-33C8F6E2A9D5}.Release|Any CPU.ActiveCfg = Release|Any CPU
		{84AA10DA-9A32-47D3-9C47-33C8F6E2A9D5}.Release|Any CPU.Build.0 = Release|Any CPU
		{A48EAFB3-878A-4DC4-BEAC-BE156B68DF19}.Debug|Any CPU.ActiveCfg = Debug|Any CPU
		{A48EAFB3-878A-4DC4-BEAC-BE156B68DF19}.Debug|Any CPU.Build.0 = Debug|Any CPU
		{A48EAFB3-878A-4DC4-BEAC-BE156B68DF19}.Release|Any CPU.ActiveCfg = Release|Any CPU
		{A48EAFB3-878A-4DC4-BEAC-BE156B68DF19}.Release|Any CPU.Build.0 = Release|Any CPU
		{0361A194-F683-4D62-BD90-5F3C66753EC1}.Debug|Any CPU.ActiveCfg = Debug|Any CPU
		{0361A194-F683-4D62-BD90-5F3C66753EC1}.Debug|Any CPU.Build.0 = Debug|Any CPU
		{0361A194-F683-4D62-BD90-5F3C66753EC1}.Release|Any CPU.ActiveCfg = Release|Any CPU
		{0361A194-F683-4D62-BD90-5F3C66753EC1}.Release|Any CPU.Build.0 = Release|Any CPU
	EndGlobalSection
	GlobalSection(SolutionProperties) = preSolution
		HideSolutionNode = FALSE
	EndGlobalSection
	GlobalSection(NestedProjects) = preSolution
		{5F86BB29-2D9E-41B5-A9D6-113E1FF13FC3} = {6A2ECE62-9E4B-4DB4-AC91-7E5B66E4480F}
		{84AA10DA-9A32-47D3-9C47-33C8F6E2A9D5} = {B62AD9D5-419D-4F26-844D-C26221C3B2D6}
		{A48EAFB3-878A-4DC4-BEAC-BE156B68DF19} = {75A95661-B56E-4060-BC2B-11F5AE2589C8}
		{0361A194-F683-4D62-BD90-5F3C66753EC1} = {BD6DB151-B77C-49E1-BC1E-3797CB591E56}
	EndGlobalSection
	GlobalSection(ExtensibilityGlobals) = postSolution
		SolutionGuid = {0447AB2D-03AC-4438-8DDC-54C267EA4F13}
	EndGlobalSection
EndGlobal
